
Microsoft Visual Studio Solution File, Format Version 12.00
# Visual Studio Version 17
VisualStudioVersion = 17.6.33717.318
MinimumVisualStudioVersion = 10.0.40219.1
Project("{F184B08F-C81C-45F6-A57F-5ABD9991F28F}") = "user_management_app", "user_management_app\user_management_app.vbproj", "{7510A01E-125B-4E50-BBFD-D342B53D7DFA}"
EndProject
Global
	GlobalSection(SolutionConfigurationPlatforms) = preSolution
		Debug|Any CPU = Debug|Any CPU
		Release|Any CPU = Release|Any CPU
	EndGlobalSection
	GlobalSection(ProjectConfigurationPlatforms) = postSolution
		{7510A01E-125B-4E50-BBFD-D342B53D7DFA}.Debug|Any CPU.ActiveCfg = Debug|Any CPU
		{7510A01E-125B-4E50-BBFD-D342B53D7DFA}.Debug|Any CPU.Build.0 = Debug|Any CPU
		{7510A01E-125B-4E50-BBFD-D342B53D7DFA}.Release|Any CPU.ActiveCfg = Release|Any CPU
		{7510A01E-125B-4E50-BBFD-D342B53D7DFA}.Release|Any CPU.Build.0 = Release|Any CPU
	EndGlobalSection
	GlobalSection(SolutionProperties) = preSolution
		HideSolutionNode = FALSE
	EndGlobalSection
	GlobalSection(ExtensibilityGlobals) = postSolution
		SolutionGuid = {44D07EC7-2736-4CCB-8C8F-8DAA8F0BF30F}
	EndGlobalSection
EndGlobal
